// !$*UTF8*$!
{
	archiveVersion = 1;
	classes = {
	};
	objectVersion = 50;
	objects = {

/* Begin PBXBuildFile section */
		A146C9D1251AC029002C83C0 /* AppDelegate.swift in Sources */ = {isa = PBXBuildFile; fileRef = A146C9D0251AC029002C83C0 /* AppDelegate.swift */; };
		A146C9D3251AC029002C83C0 /* SceneDelegate.swift in Sources */ = {isa = PBXBuildFile; fileRef = A146C9D2251AC029002C83C0 /* SceneDelegate.swift */; };
		A146C9D5251AC029002C83C0 /* ViewController.swift in Sources */ = {isa = PBXBuildFile; fileRef = A146C9D4251AC029002C83C0 /* ViewController.swift */; };
		A146C9D8251AC029002C83C0 /* Main.storyboard in Resources */ = {isa = PBXBuildFile; fileRef = A146C9D6251AC029002C83C0 /* Main.storyboard */; };
		A146C9DA251AC02C002C83C0 /* Assets.xcassets in Resources */ = {isa = PBXBuildFile; fileRef = A146C9D9251AC02C002C83C0 /* Assets.xcassets */; };
		A146C9DD251AC02C002C83C0 /* LaunchScreen.storyboard in Resources */ = {isa = PBXBuildFile; fileRef = A146C9DB251AC02C002C83C0 /* LaunchScreen.storyboard */; };
		A146C9E8251AC02C002C83C0 /* flixsterTests.swift in Sources */ = {isa = PBXBuildFile; fileRef = A146C9E7251AC02C002C83C0 /* flixsterTests.swift */; };
		A146C9F3251AC02C002C83C0 /* flixsterUITests.swift in Sources */ = {isa = PBXBuildFile; fileRef = A146C9F2251AC02C002C83C0 /* flixsterUITests.swift */; };
/* End PBXBuildFile section */

/* Begin PBXContainerItemProxy section */
		A146C9E4251AC02C002C83C0 /* PBXContainerItemProxy */ = {
			isa = PBXContainerItemProxy;
			containerPortal = A146C9C5251AC029002C83C0 /* Project object */;
			proxyType = 1;
			remoteGlobalIDString = A146C9CC251AC029002C83C0;
			remoteInfo = flixster;
		};
		A146C9EF251AC02C002C83C0 /* PBXContainerItemProxy */ = {
			isa = PBXContainerItemProxy;
			containerPortal = A146C9C5251AC029002C83C0 /* Project object */;
			proxyType = 1;
			remoteGlobalIDString = A146C9CC251AC029002C83C0;
			remoteInfo = flixster;
		};
/* End PBXContainerItemProxy section */

/* Begin PBXFileReference section */
		A146C9CD251AC029002C83C0 /* flixster.app */ = {isa = PBXFileReference; explicitFileType = wrapper.application; includeInIndex = 0; path = flixster.app; sourceTree = BUILT_PRODUCTS_DIR; };
		A146C9D0251AC029002C83C0 /* AppDelegate.swift */ = {isa = PBXFileReference; lastKnownFileType = sourcecode.swift; path = AppDelegate.swift; sourceTree = "<group>"; };
		A146C9D2251AC029002C83C0 /* SceneDelegate.swift */ = {isa = PBXFileReference; lastKnownFileType = sourcecode.swift; path = SceneDelegate.swift; sourceTree = "<group>"; };
		A146C9D4251AC029002C83C0 /* ViewController.swift */ = {isa = PBXFileReference; lastKnownFileType = sourcecode.swift; path = ViewController.swift; sourceTree = "<group>"; };
		A146C9D7251AC029002C83C0 /* Base */ = {isa = PBXFileReference; lastKnownFileType = file.storyboard; name = Base; path = Base.lproj/Main.storyboard; sourceTree = "<group>"; };
		A146C9D9251AC02C002C83C0 /* Assets.xcassets */ = {isa = PBXFileReference; lastKnownFileType = folder.assetcatalog; path = Assets.xcassets; sourceTree = "<group>"; };
		A146C9DC251AC02C002C83C0 /* Base */ = {isa = PBXFileReference; lastKnownFileType = file.storyboard; name = Base; path = Base.lproj/LaunchScreen.storyboard; sourceTree = "<group>"; };
		A146C9DE251AC02C002C83C0 /* Info.plist */ = {isa = PBXFileReference; lastKnownFileType = text.plist.xml; path = Info.plist; sourceTree = "<group>"; };
		A146C9E3251AC02C002C83C0 /* flixsterTests.xctest */ = {isa = PBXFileReference; explicitFileType = wrapper.cfbundle; includeInIndex = 0; path = flixsterTests.xctest; sourceTree = BUILT_PRODUCTS_DIR; };
		A146C9E7251AC02C002C83C0 /* flixsterTests.swift */ = {isa = PBXFileReference; lastKnownFileType = sourcecode.swift; path = flixsterTests.swift; sourceTree = "<group>"; };
		A146C9E9251AC02C002C83C0 /* Info.plist */ = {isa = PBXFileReference; lastKnownFileType = text.plist.xml; path = Info.plist; sourceTree = "<group>"; };
		A146C9EE251AC02C002C83C0 /* flixsterUITests.xctest */ = {isa = PBXFileReference; explicitFileType = wrapper.cfbundle; includeInIndex = 0; path = flixsterUITests.xctest; sourceTree = BUILT_PRODUCTS_DIR; };
		A146C9F2251AC02C002C83C0 /* flixsterUITests.swift */ = {isa = PBXFileReference; lastKnownFileType = sourcecode.swift; path = flixsterUITests.swift; sourceTree = "<group>"; };
		A146C9F4251AC02C002C83C0 /* Info.plist */ = {isa = PBXFileReference; lastKnownFileType = text.plist.xml; path = Info.plist; sourceTree = "<group>"; };
/* End PBXFileReference section */

/* Begin PBXFrameworksBuildPhase section */
		A146C9CA251AC029002C83C0 /* Frameworks */ = {
			isa = PBXFrameworksBuildPhase;
			buildActionMask = 2147483647;
			files = (
			);
			runOnlyForDeploymentPostprocessing = 0;
		};
		A146C9E0251AC02C002C83C0 /* Frameworks */ = {
			isa = PBXFrameworksBuildPhase;
			buildActionMask = 2147483647;
			files = (
			);
			runOnlyForDeploymentPostprocessing = 0;
		};
		A146C9EB251AC02C002C83C0 /* Frameworks */ = {
			isa = PBXFrameworksBuildPhase;
			buildActionMask = 2147483647;
			files = (
			);
			runOnlyForDeploymentPostprocessing = 0;
		};
/* End PBXFrameworksBuildPhase section */

/* Begin PBXGroup section */
		A146C9C4251AC029002C83C0 = {
			isa = PBXGroup;
			children = (
				A146C9CF251AC029002C83C0 /* flixster */,
				A146C9E6251AC02C002C83C0 /* flixsterTests */,
				A146C9F1251AC02C002C83C0 /* flixsterUITests */,
				A146C9CE251AC029002C83C0 /* Products */,
			);
			sourceTree = "<group>";
		};
		A146C9CE251AC029002C83C0 /* Products */ = {
			isa = PBXGroup;
			children = (
				A146C9CD251AC029002C83C0 /* flixster.app */,
				A146C9E3251AC02C002C83C0 /* flixsterTests.xctest */,
				A146C9EE251AC02C002C83C0 /* flixsterUITests.xctest */,
			);
			name = Products;
			sourceTree = "<group>";
		};
		A146C9CF251AC029002C83C0 /* flixster */ = {
			isa = PBXGroup;
			children = (
				A146C9D0251AC029002C83C0 /* AppDelegate.swift */,
				A146C9D2251AC029002C83C0 /* SceneDelegate.swift */,
				A146C9D4251AC029002C83C0 /* ViewController.swift */,
				A146C9D6251AC029002C83C0 /* Main.storyboard */,
				A146C9D9251AC02C002C83C0 /* Assets.xcassets */,
				A146C9DB251AC02C002C83C0 /* LaunchScreen.storyboard */,
				A146C9DE251AC02C002C83C0 /* Info.plist */,
			);
			path = flixster;
			sourceTree = "<group>";
		};
		A146C9E6251AC02C002C83C0 /* flixsterTests */ = {
			isa = PBXGroup;
			children = (
				A146C9E7251AC02C002C83C0 /* flixsterTests.swift */,
				A146C9E9251AC02C002C83C0 /* Info.plist */,
			);
			path = flixsterTests;
			sourceTree = "<group>";
		};
		A146C9F1251AC02C002C83C0 /* flixsterUITests */ = {
			isa = PBXGroup;
			children = (
				A146C9F2251AC02C002C83C0 /* flixsterUITests.swift */,
				A146C9F4251AC02C002C83C0 /* Info.plist */,
			);
			path = flixsterUITests;
			sourceTree = "<group>";
		};
/* End PBXGroup section */

/* Begin PBXNativeTarget section */
		A146C9CC251AC029002C83C0 /* flixster */ = {
			isa = PBXNativeTarget;
			buildConfigurationList = A146C9F7251AC02C002C83C0 /* Build configuration list for PBXNativeTarget "flixster" */;
			buildPhases = (
				A146C9C9251AC029002C83C0 /* Sources */,
				A146C9CA251AC029002C83C0 /* Frameworks */,
				A146C9CB251AC029002C83C0 /* Resources */,
			);
			buildRules = (
			);
			dependencies = (
			);
			name = flixster;
			productName = flixster;
			productReference = A146C9CD251AC029002C83C0 /* flixster.app */;
			productType = "com.apple.product-type.application";
		};
		A146C9E2251AC02C002C83C0 /* flixsterTests */ = {
			isa = PBXNativeTarget;
			buildConfigurationList = A146C9FA251AC02C002C83C0 /* Build configuration list for PBXNativeTarget "flixsterTests" */;
			buildPhases = (
				A146C9DF251AC02C002C83C0 /* Sources */,
				A146C9E0251AC02C002C83C0 /* Frameworks */,
				A146C9E1251AC02C002C83C0 /* Resources */,
			);
			buildRules = (
			);
			dependencies = (
				A146C9E5251AC02C002C83C0 /* PBXTargetDependency */,
			);
			name = flixsterTests;
			productName = flixsterTests;
			productReference = A146C9E3251AC02C002C83C0 /* flixsterTests.xctest */;
			productType = "com.apple.product-type.bundle.unit-test";
		};
		A146C9ED251AC02C002C83C0 /* flixsterUITests */ = {
			isa = PBXNativeTarget;
			buildConfigurationList = A146C9FD251AC02C002C83C0 /* Build configuration list for PBXNativeTarget "flixsterUITests" */;
			buildPhases = (
				A146C9EA251AC02C002C83C0 /* Sources */,
				A146C9EB251AC02C002C83C0 /* Frameworks */,
				A146C9EC251AC02C002C83C0 /* Resources */,
			);
			buildRules = (
			);
			dependencies = (
				A146C9F0251AC02C002C83C0 /* PBXTargetDependency */,
			);
			name = flixsterUITests;
			productName = flixsterUITests;
			productReference = A146C9EE251AC02C002C83C0 /* flixsterUITests.xctest */;
			productType = "com.apple.product-type.bundle.ui-testing";
		};
/* End PBXNativeTarget section */

/* Begin PBXProject section */
		A146C9C5251AC029002C83C0 /* Project object */ = {
			isa = PBXProject;
			attributes = {
				LastSwiftUpdateCheck = 1130;
				LastUpgradeCheck = 1130;
				ORGANIZATIONNAME = Codepath;
				TargetAttributes = {
					A146C9CC251AC029002C83C0 = {
						CreatedOnToolsVersion = 11.3.1;
					};
					A146C9E2251AC02C002C83C0 = {
						CreatedOnToolsVersion = 11.3.1;
						TestTargetID = A146C9CC251AC029002C83C0;
					};
					A146C9ED251AC02C002C83C0 = {
						CreatedOnToolsVersion = 11.3.1;
						TestTargetID = A146C9CC251AC029002C83C0;
					};
				};
			};
			buildConfigurationList = A146C9C8251AC029002C83C0 /* Build configuration list for PBXProject "flixster" */;
			compatibilityVersion = "Xcode 9.3";
			developmentRegion = en;
			hasScannedForEncodings = 0;
			knownRegions = (
				en,
				Base,
			);
			mainGroup = A146C9C4251AC029002C83C0;
			productRefGroup = A146C9CE251AC029002C83C0 /* Products */;
			projectDirPath = "";
			projectRoot = "";
			targets = (
				A146C9CC251AC029002C83C0 /* flixster */,
				A146C9E2251AC02C002C83C0 /* flixsterTests */,
				A146C9ED251AC02C002C83C0 /* flixsterUITests */,
			);
		};
/* End PBXProject section */

/* Begin PBXResourcesBuildPhase section */
		A146C9CB251AC029002C83C0 /* Resources */ = {
			isa = PBXResourcesBuildPhase;
			buildActionMask = 2147483647;
			files = (
				A146C9DD251AC02C002C83C0 /* LaunchScreen.storyboard in Resources */,
				A146C9DA251AC02C002C83C0 /* Assets.xcassets in Resources */,
				A146C9D8251AC029002C83C0 /* Main.storyboard in Resources */,
			);
			runOnlyForDeploymentPostprocessing = 0;
		};
		A146C9E1251AC02C002C83C0 /* Resources */ = {
			isa = PBXResourcesBuildPhase;
			buildActionMask = 2147483647;
			files = (
			);
			runOnlyForDeploymentPostprocessing = 0;
		};
		A146C9EC251AC02C002C83C0 /* Resources */ = {
			isa = PBXResourcesBuildPhase;
			buildActionMask = 2147483647;
			files = (
			);
			runOnlyForDeploymentPostprocessing = 0;
		};
/* End PBXResourcesBuildPhase section */

/* Begin PBXSourcesBuildPhase section */
		A146C9C9251AC029002C83C0 /* Sources */ = {
			isa = PBXSourcesBuildPhase;
			buildActionMask = 2147483647;
			files = (
				A146C9D5251AC029002C83C0 /* ViewController.swift in Sources */,
				A146C9D1251AC029002C83C0 /* AppDelegate.swift in Sources */,
				A146C9D3251AC029002C83C0 /* SceneDelegate.swift in Sources */,
			);
			runOnlyForDeploymentPostprocessing = 0;
		};
		A146C9DF251AC02C002C83C0 /* Sources */ = {
			isa = PBXSourcesBuildPhase;
			buildActionMask = 2147483647;
			files = (
				A146C9E8251AC02C002C83C0 /* flixsterTests.swift in Sources */,
			);
			runOnlyForDeploymentPostprocessing = 0;
		};
		A146C9EA251AC02C002C83C0 /* Sources */ = {
			isa = PBXSourcesBuildPhase;
			buildActionMask = 2147483647;
			files = (
				A146C9F3251AC02C002C83C0 /* flixsterUITests.swift in Sources */,
			);
			runOnlyForDeploymentPostprocessing = 0;
		};
/* End PBXSourcesBuildPhase section */

/* Begin PBXTargetDependency section */
		A146C9E5251AC02C002C83C0 /* PBXTargetDependency */ = {
			isa = PBXTargetDependency;
			target = A146C9CC251AC029002C83C0 /* flixster */;
			targetProxy = A146C9E4251AC02C002C83C0 /* PBXContainerItemProxy */;
		};
		A146C9F0251AC02C002C83C0 /* PBXTargetDependency */ = {
			isa = PBXTargetDependency;
			target = A146C9CC251AC029002C83C0 /* flixster */;
			targetProxy = A146C9EF251AC02C002C83C0 /* PBXContainerItemProxy */;
		};
/* End PBXTargetDependency section */

/* Begin PBXVariantGroup section */
		A146C9D6251AC029002C83C0 /* Main.storyboard */ = {
			isa = PBXVariantGroup;
			children = (
				A146C9D7251AC029002C83C0 /* Base */,
			);
			name = Main.storyboard;
			sourceTree = "<group>";
		};
		A146C9DB251AC02C002C83C0 /* LaunchScreen.storyboard */ = {
			isa = PBXVariantGroup;
			children = (
				A146C9DC251AC02C002C83C0 /* Base */,
			);
			name = LaunchScreen.storyboard;
			sourceTree = "<group>";
		};
/* End PBXVariantGroup section */

/* Begin XCBuildConfiguration section */
		A146C9F5251AC02C002C83C0 /* Debug */ = {
			isa = XCBuildConfiguration;
			buildSettings = {
				ALWAYS_SEARCH_USER_PATHS = NO;
				CLANG_ANALYZER_NONNULL = YES;
				CLANG_ANALYZER_NUMBER_OBJECT_CONVERSION = YES_AGGRESSIVE;
				CLANG_CXX_LANGUAGE_STANDARD = "gnu++14";
				CLANG_CXX_LIBRARY = "libc++";
				CLANG_ENABLE_MODULES = YES;
				CLANG_ENABLE_OBJC_ARC = YES;
				CLANG_ENABLE_OBJC_WEAK = YES;
				CLANG_WARN_BLOCK_CAPTURE_AUTORELEASING = YES;
				CLANG_WARN_BOOL_CONVERSION = YES;
				CLANG_WARN_COMMA = YES;
				CLANG_WARN_CONSTANT_CONVERSION = YES;
				CLANG_WARN_DEPRECATED_OBJC_IMPLEMENTATIONS = YES;
				CLANG_WARN_DIRECT_OBJC_ISA_USAGE = YES_ERROR;
				CLANG_WARN_DOCUMENTATION_COMMENTS = YES;
				CLANG_WARN_EMPTY_BODY = YES;
				CLANG_WARN_ENUM_CONVERSION = YES;
				CLANG_WARN_INFINITE_RECURSION = YES;
				CLANG_WARN_INT_CONVERSION = YES;
				CLANG_WARN_NON_LITERAL_NULL_CONVERSION = YES;
				CLANG_WARN_OBJC_IMPLICIT_RETAIN_SELF = YES;
				CLANG_WARN_OBJC_LITERAL_CONVERSION = YES;
				CLANG_WARN_OBJC_ROOT_CLASS = YES_ERROR;
				CLANG_WARN_RANGE_LOOP_ANALYSIS = YES;
				CLANG_WARN_STRICT_PROTOTYPES = YES;
				CLANG_WARN_SUSPICIOUS_MOVE = YES;
				CLANG_WARN_UNGUARDED_AVAILABILITY = YES_AGGRESSIVE;
				CLANG_WARN_UNREACHABLE_CODE = YES;
				CLANG_WARN__DUPLICATE_METHOD_MATCH = YES;
				COPY_PHASE_STRIP = NO;
				DEBUG_INFORMATION_FORMAT = dwarf;
				ENABLE_STRICT_OBJC_MSGSEND = YES;
				ENABLE_TESTABILITY = YES;
				GCC_C_LANGUAGE_STANDARD = gnu11;
				GCC_DYNAMIC_NO_PIC = NO;
				GCC_NO_COMMON_BLOCKS = YES;
				GCC_OPTIMIZATION_LEVEL = 0;
				GCC_PREPROCESSOR_DEFINITIONS = (
					"DEBUG=1",
					"$(inherited)",
				);
				GCC_WARN_64_TO_32_BIT_CONVERSION = YES;
				GCC_WARN_ABOUT_RETURN_TYPE = YES_ERROR;
				GCC_WARN_UNDECLARED_SELECTOR = YES;
				GCC_WARN_UNINITIALIZED_AUTOS = YES_AGGRESSIVE;
				GCC_WARN_UNUSED_FUNCTION = YES;
				GCC_WARN_UNUSED_VARIABLE = YES;
				IPHONEOS_DEPLOYMENT_TARGET = 13.2;
				MTL_ENABLE_DEBUG_INFO = INCLUDE_SOURCE;
				MTL_FAST_MATH = YES;
				ONLY_ACTIVE_ARCH = YES;
				SDKROOT = iphoneos;
				SWIFT_ACTIVE_COMPILATION_CONDITIONS = DEBUG;
				SWIFT_OPTIMIZATION_LEVEL = "-Onone";
			};
			name = Debug;
		};
		A146C9F6251AC02C002C83C0 /* Release */ = {
			isa = XCBuildConfiguration;
			buildSettings = {
				ALWAYS_SEARCH_USER_PATHS = NO;
				CLANG_ANALYZER_NONNULL = YES;
				CLANG_ANALYZER_NUMBER_OBJECT_CONVERSION = YES_AGGRESSIVE;
				CLANG_CXX_LANGUAGE_STANDARD = "gnu++14";
				CLANG_CXX_LIBRARY = "libc++";
				CLANG_ENABLE_MODULES = YES;
				CLANG_ENABLE_OBJC_ARC = YES;
				CLANG_ENABLE_OBJC_WEAK = YES;
				CLANG_WARN_BLOCK_CAPTURE_AUTORELEASING = YES;
				CLANG_WARN_BOOL_CONVERSION = YES;
				CLANG_WARN_COMMA = YES;
				CLANG_WARN_CONSTANT_CONVERSION = YES;
				CLANG_WARN_DEPRECATED_OBJC_IMPLEMENTATIONS = YES;
				CLANG_WARN_DIRECT_OBJC_ISA_USAGE = YES_ERROR;
				CLANG_WARN_DOCUMENTATION_COMMENTS = YES;
				CLANG_WARN_EMPTY_BODY = YES;
				CLANG_WARN_ENUM_CONVERSION = YES;
				CLANG_WARN_INFINITE_RECURSION = YES;
				CLANG_WARN_INT_CONVERSION = YES;
				CLANG_WARN_NON_LITERAL_NULL_CONVERSION = YES;
				CLANG_WARN_OBJC_IMPLICIT_RETAIN_SELF = YES;
				CLANG_WARN_OBJC_LITERAL_CONVERSION = YES;
				CLANG_WARN_OBJC_ROOT_CLASS = YES_ERROR;
				CLANG_WARN_RANGE_LOOP_ANALYSIS = YES;
				CLANG_WARN_STRICT_PROTOTYPES = YES;
				CLANG_WARN_SUSPICIOUS_MOVE = YES;
				CLANG_WARN_UNGUARDED_AVAILABILITY = YES_AGGRESSIVE;
				CLANG_WARN_UNREACHABLE_CODE = YES;
				CLANG_WARN__DUPLICATE_METHOD_MATCH = YES;
				COPY_PHASE_STRIP = NO;
				DEBUG_INFORMATION_FORMAT = "dwarf-with-dsym";
				ENABLE_NS_ASSERTIONS = NO;
				ENABLE_STRICT_OBJC_MSGSEND = YES;
				GCC_C_LANGUAGE_STANDARD = gnu11;
				GCC_NO_COMMON_BLOCKS = YES;
				GCC_WARN_64_TO_32_BIT_CONVERSION = YES;
				GCC_WARN_ABOUT_RETURN_TYPE = YES_ERROR;
				GCC_WARN_UNDECLARED_SELECTOR = YES;
				GCC_WARN_UNINITIALIZED_AUTOS = YES_AGGRESSIVE;
				GCC_WARN_UNUSED_FUNCTION = YES;
				GCC_WARN_UNUSED_VARIABLE = YES;
				IPHONEOS_DEPLOYMENT_TARGET = 13.2;
				MTL_ENABLE_DEBUG_INFO = NO;
				MTL_FAST_MATH = YES;
				SDKROOT = iphoneos;
				SWIFT_COMPILATION_MODE = wholemodule;
				SWIFT_OPTIMIZATION_LEVEL = "-O";
				VALIDATE_PRODUCT = YES;
			};
			name = Release;
		};
		A146C9F8251AC02C002C83C0 /* Debug */ = {
			isa = XCBuildConfiguration;
			buildSettings = {
				ASSETCATALOG_COMPILER_APPICON_NAME = AppIcon;
				CODE_SIGN_STYLE = Automatic;
				INFOPLIST_FILE = flixster/Info.plist;
				LD_RUNPATH_SEARCH_PATHS = (
					"$(inherited)",
					"@executable_path/Frameworks",
				);
				PRODUCT_BUNDLE_IDENTIFIER = Codepath.flixster;
				PRODUCT_NAME = "$(TARGET_NAME)";
				SWIFT_VERSION = 5.0;
				TARGETED_DEVICE_FAMILY = "1,2";
			};
			name = Debug;
		};
		A146C9F9251AC02C002C83C0 /* Release */ = {
			isa = XCBuildConfiguration;
			buildSettings = {
				ASSETCATALOG_COMPILER_APPICON_NAME = AppIcon;
				CODE_SIGN_STYLE = Automatic;
				INFOPLIST_FILE = flixster/Info.plist;
				LD_RUNPATH_SEARCH_PATHS = (
					"$(inherited)",
					"@executable_path/Frameworks",
				);
				PRODUCT_BUNDLE_IDENTIFIER = Codepath.flixster;
				PRODUCT_NAME = "$(TARGET_NAME)";
				SWIFT_VERSION = 5.0;
				TARGETED_DEVICE_FAMILY = "1,2";
			};
			name = Release;
		};
		A146C9FB251AC02C002C83C0 /* Debug */ = {
			isa = XCBuildConfiguration;
			buildSettings = {
				ALWAYS_EMBED_SWIFT_STANDARD_LIBRARIES = YES;
				BUNDLE_LOADER = "$(TEST_HOST)";
				CODE_SIGN_STYLE = Automatic;
				INFOPLIST_FILE = flixsterTests/Info.plist;
				IPHONEOS_DEPLOYMENT_TARGET = 13.2;
				LD_RUNPATH_SEARCH_PATHS = (
					"$(inherited)",
					"@executable_path/Frameworks",
					"@loader_path/Frameworks",
				);
				PRODUCT_BUNDLE_IDENTIFIER = Codepath.flixsterTests;
				PRODUCT_NAME = "$(TARGET_NAME)";
				SWIFT_VERSION = 5.0;
				TARGETED_DEVICE_FAMILY = "1,2";
				TEST_HOST = "$(BUILT_PRODUCTS_DIR)/flixster.app/flixster";
			};
			name = Debug;
		};
		A146C9FC251AC02C002C83C0 /* Release */ = {
			isa = XCBuildConfiguration;
			buildSettings = {
				ALWAYS_EMBED_SWIFT_STANDARD_LIBRARIES = YES;
				BUNDLE_LOADER = "$(TEST_HOST)";
				CODE_SIGN_STYLE = Automatic;
				INFOPLIST_FILE = flixsterTests/Info.plist;
				IPHONEOS_DEPLOYMENT_TARGET = 13.2;
				LD_RUNPATH_SEARCH_PATHS = (
					"$(inherited)",
					"@executable_path/Frameworks",
					"@loader_path/Frameworks",
				);
				PRODUCT_BUNDLE_IDENTIFIER = Codepath.flixsterTests;
				PRODUCT_NAME = "$(TARGET_NAME)";
				SWIFT_VERSION = 5.0;
				TARGETED_DEVICE_FAMILY = "1,2";
				TEST_HOST = "$(BUILT_PRODUCTS_DIR)/flixster.app/flixster";
			};
			name = Release;
		};
		A146C9FE251AC02C002C83C0 /* Debug */ = {
			isa = XCBuildConfiguration;
			buildSettings = {
				ALWAYS_EMBED_SWIFT_STANDARD_LIBRARIES = YES;
				CODE_SIGN_STYLE = Automatic;
				INFOPLIST_FILE = flixsterUITests/Info.plist;
				LD_RUNPATH_SEARCH_PATHS = (
					"$(inherited)",
					"@executable_path/Frameworks",
					"@loader_path/Frameworks",
				);
				PRODUCT_BUNDLE_IDENTIFIER = Codepath.flixsterUITests;
				PRODUCT_NAME = "$(TARGET_NAME)";
				SWIFT_VERSION = 5.0;
				TARGETED_DEVICE_FAMILY = "1,2";
				TEST_TARGET_NAME = flixster;
			};
			name = Debug;
		};
		A146C9FF251AC02C002C83C0 /* Release */ = {
			isa = XCBuildConfiguration;
			buildSettings = {
				ALWAYS_EMBED_SWIFT_STANDARD_LIBRARIES = YES;
				CODE_SIGN_STYLE = Automatic;
				INFOPLIST_FILE = flixsterUITests/Info.plist;
				LD_RUNPATH_SEARCH_PATHS = (
					"$(inherited)",
					"@executable_path/Frameworks",
					"@loader_path/Frameworks",
				);
				PRODUCT_BUNDLE_IDENTIFIER = Codepath.flixsterUITests;
				PRODUCT_NAME = "$(TARGET_NAME)";
				SWIFT_VERSION = 5.0;
				TARGETED_DEVICE_FAMILY = "1,2";
				TEST_TARGET_NAME = flixster;
			};
			name = Release;
		};
/* End XCBuildConfiguration section */

/* Begin XCConfigurationList section */
		A146C9C8251AC029002C83C0 /* Build configuration list for PBXProject "flixster" */ = {
			isa = XCConfigurationList;
			buildConfigurations = (
				A146C9F5251AC02C002C83C0 /* Debug */,
				A146C9F6251AC02C002C83C0 /* Release */,
			);
			defaultConfigurationIsVisible = 0;
			defaultConfigurationName = Release;
		};
		A146C9F7251AC02C002C83C0 /* Build configuration list for PBXNativeTarget "flixster" */ = {
			isa = XCConfigurationList;
			buildConfigurations = (
				A146C9F8251AC02C002C83C0 /* Debug */,
				A146C9F9251AC02C002C83C0 /* Release */,
			);
			defaultConfigurationIsVisible = 0;
			defaultConfigurationName = Release;
		};
		A146C9FA251AC02C002C83C0 /* Build configuration list for PBXNativeTarget "flixsterTests" */ = {
			isa = XCConfigurationList;
			buildConfigurations = (
				A146C9FB251AC02C002C83C0 /* Debug */,
				A146C9FC251AC02C002C83C0 /* Release */,
			);
			defaultConfigurationIsVisible = 0;
			defaultConfigurationName = Release;
		};
		A146C9FD251AC02C002C83C0 /* Build configuration list for PBXNativeTarget "flixsterUITests" */ = {
			isa = XCConfigurationList;
			buildConfigurations = (
				A146C9FE251AC02C002C83C0 /* Debug */,
				A146C9FF251AC02C002C83C0 /* Release */,
			);
			defaultConfigurationIsVisible = 0;
			defaultConfigurationName = Release;
		};
/* End XCConfigurationList section */
	};
	rootObject = A146C9C5251AC029002C83C0 /* Project object */;
}
